// !$*UTF8*$!
{
	archiveVersion = 1;
	classes = {
	};
	objectVersion = 46;
	objects = {

/* Begin PBXBuildFile section */
		A4CCA1C91A63D77D0004911B /* ViewHUD.m in Sources */ = {isa = PBXBuildFile; fileRef = A4CCA1C81A63D77D0004911B /* ViewHUD.m */; settings = {COMPILER_FLAGS = "-fno-objc-arc"; }; };
		A4CCA1CB1A64A4E60004911B /* SystemConfiguration.framework in Frameworks */ = {isa = PBXBuildFile; fileRef = A4CCA1CA1A64A4E60004911B /* SystemConfiguration.framework */; };
		C273BFA81A5E785400ACE1E1 /* main.m in Sources */ = {isa = PBXBuildFile; fileRef = C273BFA71A5E785400ACE1E1 /* main.m */; };
		C273BFAB1A5E785400ACE1E1 /* AppDelegate.m in Sources */ = {isa = PBXBuildFile; fileRef = C273BFAA1A5E785400ACE1E1 /* AppDelegate.m */; };
		C273BFAE1A5E785400ACE1E1 /* ViewController.m in Sources */ = {isa = PBXBuildFile; fileRef = C273BFAD1A5E785400ACE1E1 /* ViewController.m */; };
		C273BFB11A5E785400ACE1E1 /* Main.storyboard in Resources */ = {isa = PBXBuildFile; fileRef = C273BFAF1A5E785400ACE1E1 /* Main.storyboard */; };
		C273BFB31A5E785400ACE1E1 /* Images.xcassets in Resources */ = {isa = PBXBuildFile; fileRef = C273BFB21A5E785400ACE1E1 /* Images.xcassets */; };
		C273BFB61A5E785400ACE1E1 /* LaunchScreen.xib in Resources */ = {isa = PBXBuildFile; fileRef = C273BFB41A5E785400ACE1E1 /* LaunchScreen.xib */; };
		C273BFC21A5E785400ACE1E1 /* TW_MTS_Eugene_IOSTests.m in Sources */ = {isa = PBXBuildFile; fileRef = C273BFC11A5E785400ACE1E1 /* TW_MTS_Eugene_IOSTests.m */; };
		C273BFCE1A5E7FBB00ACE1E1 /* WebBridgeViewController.m in Sources */ = {isa = PBXBuildFile; fileRef = C273BFCC1A5E7FBB00ACE1E1 /* WebBridgeViewController.m */; };
		C273BFD01A5EA0D200ACE1E1 /* WebBridgeViewController.xib in Resources */ = {isa = PBXBuildFile; fileRef = C273BFD21A5EA0D200ACE1E1 /* WebBridgeViewController.xib */; };
		C273C02C1A5FB12000ACE1E1 /* SocketConnector.m in Sources */ = {isa = PBXBuildFile; fileRef = C273C02B1A5FB12000ACE1E1 /* SocketConnector.m */; };
		C273C0301A5FB26400ACE1E1 /* Reachability.m in Sources */ = {isa = PBXBuildFile; fileRef = C273C02F1A5FB26400ACE1E1 /* Reachability.m */; settings = {COMPILER_FLAGS = "-fno-objc-arc"; }; };
		C273C29C1A5FC16100ACE1E1 /* www in Resources */ = {isa = PBXBuildFile; fileRef = C273C29B1A5FC16100ACE1E1 /* www */; };
		C273C2A11A62656500ACE1E1 /* Global.m in Sources */ = {isa = PBXBuildFile; fileRef = C273C2A01A62656500ACE1E1 /* Global.m */; };
		C273C2A31A626F5000ACE1E1 /* libz.dylib in Frameworks */ = {isa = PBXBuildFile; fileRef = C273C2A21A626F5000ACE1E1 /* libz.dylib */; };
		C273C3071A6797CA00ACE1E1 /* AKDataLoader.mm in Sources */ = {isa = PBXBuildFile; fileRef = C273C3061A6797CA00ACE1E1 /* AKDataLoader.mm */; };
		C273C3251A679AC900ACE1E1 /* 000660_d_1.dat in Resources */ = {isa = PBXBuildFile; fileRef = C273C30B1A679AC900ACE1E1 /* 000660_d_1.dat */; };
		C273C3261A679AC900ACE1E1 /* 000660_m_1.dat in Resources */ = {isa = PBXBuildFile; fileRef = C273C30C1A679AC900ACE1E1 /* 000660_m_1.dat */; };
		C273C3271A679AC900ACE1E1 /* 000660_s_300.dat in Resources */ = {isa = PBXBuildFile; fileRef = C273C30D1A679AC900ACE1E1 /* 000660_s_300.dat */; };
		C273C3281A679AC900ACE1E1 /* 000660_s_60.dat in Resources */ = {isa = PBXBuildFile; fileRef = C273C30E1A679AC900ACE1E1 /* 000660_s_60.dat */; };
		C273C3291A679AC900ACE1E1 /* 000660_t_1.dat in Resources */ = {isa = PBXBuildFile; fileRef = C273C30F1A679AC900ACE1E1 /* 000660_t_1.dat */; };
		C273C32A1A679AC900ACE1E1 /* 000660_w_1.dat in Resources */ = {isa = PBXBuildFile; fileRef = C273C3101A679AC900ACE1E1 /* 000660_w_1.dat */; };
		C273C32B1A679AC900ACE1E1 /* 005930_d_1.dat in Resources */ = {isa = PBXBuildFile; fileRef = C273C3111A679AC900ACE1E1 /* 005930_d_1.dat */; };
		C273C32C1A679AC900ACE1E1 /* 005930_m_1.dat in Resources */ = {isa = PBXBuildFile; fileRef = C273C3121A679AC900ACE1E1 /* 005930_m_1.dat */; };
		C273C32D1A679AC900ACE1E1 /* 005930_s_300.dat in Resources */ = {isa = PBXBuildFile; fileRef = C273C3131A679AC900ACE1E1 /* 005930_s_300.dat */; };
		C273C32E1A679AC900ACE1E1 /* 005930_s_60.dat in Resources */ = {isa = PBXBuildFile; fileRef = C273C3141A679AC900ACE1E1 /* 005930_s_60.dat */; };
		C273C32F1A679AC900ACE1E1 /* 005930_t_1.dat in Resources */ = {isa = PBXBuildFile; fileRef = C273C3151A679AC900ACE1E1 /* 005930_t_1.dat */; };
		C273C3301A679AC900ACE1E1 /* 005930_w_1.dat in Resources */ = {isa = PBXBuildFile; fileRef = C273C3161A679AC900ACE1E1 /* 005930_w_1.dat */; };
		C273C3311A679AC900ACE1E1 /* K001_d_1.dat in Resources */ = {isa = PBXBuildFile; fileRef = C273C3171A679AC900ACE1E1 /* K001_d_1.dat */; };
		C273C3321A679AC900ACE1E1 /* K001_m_1.dat in Resources */ = {isa = PBXBuildFile; fileRef = C273C3181A679AC900ACE1E1 /* K001_m_1.dat */; };
		C273C3331A679AC900ACE1E1 /* K001_s_300.dat in Resources */ = {isa = PBXBuildFile; fileRef = C273C3191A679AC900ACE1E1 /* K001_s_300.dat */; };
		C273C3341A679AC900ACE1E1 /* K001_s_60.dat in Resources */ = {isa = PBXBuildFile; fileRef = C273C31A1A679AC900ACE1E1 /* K001_s_60.dat */; };
		C273C3351A679AC900ACE1E1 /* K001_t_1.dat in Resources */ = {isa = PBXBuildFile; fileRef = C273C31B1A679AC900ACE1E1 /* K001_t_1.dat */; };
		C273C3361A679AC900ACE1E1 /* K001_w_1.dat in Resources */ = {isa = PBXBuildFile; fileRef = C273C31C1A679AC900ACE1E1 /* K001_w_1.dat */; };
		C273C3371A679AC900ACE1E1 /* snek_multi_a.set in Resources */ = {isa = PBXBuildFile; fileRef = C273C31E1A679AC900ACE1E1 /* snek_multi_a.set */; };
		C273C3381A679AC900ACE1E1 /* snek_multi_b.set in Resources */ = {isa = PBXBuildFile; fileRef = C273C31F1A679AC900ACE1E1 /* snek_multi_b.set */; };
		C273C3391A679AC900ACE1E1 /* snek_single.set in Resources */ = {isa = PBXBuildFile; fileRef = C273C3201A679AC900ACE1E1 /* snek_single.set */; };
		C273C33A1A679AC900ACE1E1 /* MTSTrTransData.dat in Resources */ = {isa = PBXBuildFile; fileRef = C273C3221A679AC900ACE1E1 /* MTSTrTransData.dat */; };
		C273C33B1A679AC900ACE1E1 /* MTSTrTransMore.dat in Resources */ = {isa = PBXBuildFile; fileRef = C273C3231A679AC900ACE1E1 /* MTSTrTransMore.dat */; };
		C273C33C1A679AC900ACE1E1 /* MTSTrTransReal.dat in Resources */ = {isa = PBXBuildFile; fileRef = C273C3241A679AC900ACE1E1 /* MTSTrTransReal.dat */; };
		C273C3441A679E5C00ACE1E1 /* CoreFoundation.framework in Frameworks */ = {isa = PBXBuildFile; fileRef = C273C3421A679E5C00ACE1E1 /* CoreFoundation.framework */; };
		C273C3451A679E5C00ACE1E1 /* Foundation.framework in Frameworks */ = {isa = PBXBuildFile; fileRef = C273C3431A679E5C00ACE1E1 /* Foundation.framework */; };
		C273C3471A679E6800ACE1E1 /* UIKit.framework in Frameworks */ = {isa = PBXBuildFile; fileRef = C273C3461A679E6800ACE1E1 /* UIKit.framework */; };
		C273C3521A67A10900ACE1E1 /* libAKChart.a in Frameworks */ = {isa = PBXBuildFile; fileRef = C273C3511A67A10900ACE1E1 /* libAKChart.a */; };
		C273C35F1A67A6C400ACE1E1 /* ChartViewController.m in Sources */ = {isa = PBXBuildFile; fileRef = C273C35D1A67A6C400ACE1E1 /* ChartViewController.m */; };
		C273C3601A67A6C400ACE1E1 /* ChartViewController.xib in Resources */ = {isa = PBXBuildFile; fileRef = C273C35E1A67A6C400ACE1E1 /* ChartViewController.xib */; };
/* End PBXBuildFile section */

/* Begin PBXContainerItemProxy section */
		C273BFBC1A5E785400ACE1E1 /* PBXContainerItemProxy */ = {
			isa = PBXContainerItemProxy;
			containerPortal = C273BF9A1A5E785400ACE1E1 /* Project object */;
			proxyType = 1;
			remoteGlobalIDString = C273BFA11A5E785400ACE1E1;
			remoteInfo = TW_MTS_Eugene_IOS;
		};
/* End PBXContainerItemProxy section */

/* Begin PBXFileReference section */
		A4CCA1C71A63D77D0004911B /* ViewHUD.h */ = {isa = PBXFileReference; fileEncoding = 4; lastKnownFileType = sourcecode.c.h; path = ViewHUD.h; sourceTree = "<group>"; };
		A4CCA1C81A63D77D0004911B /* ViewHUD.m */ = {isa = PBXFileReference; fileEncoding = 4; lastKnownFileType = sourcecode.c.objc; path = ViewHUD.m; sourceTree = "<group>"; };
		A4CCA1CA1A64A4E60004911B /* SystemConfiguration.framework */ = {isa = PBXFileReference; lastKnownFileType = wrapper.framework; name = SystemConfiguration.framework; path = System/Library/Frameworks/SystemConfiguration.framework; sourceTree = SDKROOT; };
		C273BFA21A5E785400ACE1E1 /* 제일로 M.app */ = {isa = PBXFileReference; explicitFileType = wrapper.application; includeInIndex = 0; path = "제일로 M.app"; sourceTree = BUILT_PRODUCTS_DIR; };
		C273BFA61A5E785400ACE1E1 /* Info.plist */ = {isa = PBXFileReference; lastKnownFileType = text.plist.xml; path = Info.plist; sourceTree = "<group>"; };
		C273BFA71A5E785400ACE1E1 /* main.m */ = {isa = PBXFileReference; lastKnownFileType = sourcecode.c.objc; path = main.m; sourceTree = "<group>"; };
		C273BFA91A5E785400ACE1E1 /* AppDelegate.h */ = {isa = PBXFileReference; lastKnownFileType = sourcecode.c.h; path = AppDelegate.h; sourceTree = "<group>"; };
		C273BFAA1A5E785400ACE1E1 /* AppDelegate.m */ = {isa = PBXFileReference; lastKnownFileType = sourcecode.c.objc; path = AppDelegate.m; sourceTree = "<group>"; };
		C273BFAC1A5E785400ACE1E1 /* ViewController.h */ = {isa = PBXFileReference; lastKnownFileType = sourcecode.c.h; path = ViewController.h; sourceTree = "<group>"; };
		C273BFAD1A5E785400ACE1E1 /* ViewController.m */ = {isa = PBXFileReference; lastKnownFileType = sourcecode.c.objc; path = ViewController.m; sourceTree = "<group>"; };
		C273BFB01A5E785400ACE1E1 /* Base */ = {isa = PBXFileReference; lastKnownFileType = file.storyboard; name = Base; path = Base.lproj/Main.storyboard; sourceTree = "<group>"; };
		C273BFB21A5E785400ACE1E1 /* Images.xcassets */ = {isa = PBXFileReference; lastKnownFileType = folder.assetcatalog; path = Images.xcassets; sourceTree = "<group>"; };
		C273BFB51A5E785400ACE1E1 /* Base */ = {isa = PBXFileReference; lastKnownFileType = file.xib; name = Base; path = Base.lproj/LaunchScreen.xib; sourceTree = "<group>"; };
		C273BFBB1A5E785400ACE1E1 /* TW_MTS_Eugene_IOSTests.xctest */ = {isa = PBXFileReference; explicitFileType = wrapper.cfbundle; includeInIndex = 0; path = TW_MTS_Eugene_IOSTests.xctest; sourceTree = BUILT_PRODUCTS_DIR; };
		C273BFC01A5E785400ACE1E1 /* Info.plist */ = {isa = PBXFileReference; lastKnownFileType = text.plist.xml; path = Info.plist; sourceTree = "<group>"; };
		C273BFC11A5E785400ACE1E1 /* TW_MTS_Eugene_IOSTests.m */ = {isa = PBXFileReference; lastKnownFileType = sourcecode.c.objc; path = TW_MTS_Eugene_IOSTests.m; sourceTree = "<group>"; };
		C273BFCB1A5E7FBB00ACE1E1 /* WebBridgeViewController.h */ = {isa = PBXFileReference; fileEncoding = 4; lastKnownFileType = sourcecode.c.h; path = WebBridgeViewController.h; sourceTree = "<group>"; };
		C273BFCC1A5E7FBB00ACE1E1 /* WebBridgeViewController.m */ = {isa = PBXFileReference; fileEncoding = 4; lastKnownFileType = sourcecode.c.objc; path = WebBridgeViewController.m; sourceTree = "<group>"; };
		C273BFD11A5EA0D200ACE1E1 /* Base */ = {isa = PBXFileReference; lastKnownFileType = file.xib; name = Base; path = Base.lproj/WebBridgeViewController.xib; sourceTree = "<group>"; };
		C273C02A1A5FB12000ACE1E1 /* SocketConnector.h */ = {isa = PBXFileReference; fileEncoding = 4; lastKnownFileType = sourcecode.c.h; path = SocketConnector.h; sourceTree = "<group>"; };
		C273C02B1A5FB12000ACE1E1 /* SocketConnector.m */ = {isa = PBXFileReference; fileEncoding = 4; lastKnownFileType = sourcecode.c.objc; path = SocketConnector.m; sourceTree = "<group>"; };
		C273C02D1A5FB20200ACE1E1 /* StructLayout.h */ = {isa = PBXFileReference; lastKnownFileType = sourcecode.c.h; path = StructLayout.h; sourceTree = "<group>"; };
		C273C02E1A5FB26400ACE1E1 /* Reachability.h */ = {isa = PBXFileReference; fileEncoding = 4; lastKnownFileType = sourcecode.c.h; path = Reachability.h; sourceTree = "<group>"; };
		C273C02F1A5FB26400ACE1E1 /* Reachability.m */ = {isa = PBXFileReference; fileEncoding = 4; lastKnownFileType = sourcecode.c.objc; path = Reachability.m; sourceTree = "<group>"; };
		C273C29B1A5FC16100ACE1E1 /* www */ = {isa = PBXFileReference; lastKnownFileType = folder; path = www; sourceTree = "<group>"; };
		C273C29F1A62656500ACE1E1 /* Global.h */ = {isa = PBXFileReference; fileEncoding = 4; lastKnownFileType = sourcecode.c.h; path = Global.h; sourceTree = "<group>"; };
		C273C2A01A62656500ACE1E1 /* Global.m */ = {isa = PBXFileReference; fileEncoding = 4; lastKnownFileType = sourcecode.c.objc; path = Global.m; sourceTree = "<group>"; };
		C273C2A21A626F5000ACE1E1 /* libz.dylib */ = {isa = PBXFileReference; lastKnownFileType = "compiled.mach-o.dylib"; name = libz.dylib; path = usr/lib/libz.dylib; sourceTree = SDKROOT; };
		C273C3051A6797CA00ACE1E1 /* AKDataLoader.h */ = {isa = PBXFileReference; fileEncoding = 4; lastKnownFileType = sourcecode.c.h; path = AKDataLoader.h; sourceTree = "<group>"; };
		C273C3061A6797CA00ACE1E1 /* AKDataLoader.mm */ = {isa = PBXFileReference; fileEncoding = 4; lastKnownFileType = sourcecode.cpp.objcpp; path = AKDataLoader.mm; sourceTree = "<group>"; };
		C273C30B1A679AC900ACE1E1 /* 000660_d_1.dat */ = {isa = PBXFileReference; lastKnownFileType = file; path = 000660_d_1.dat; sourceTree = "<group>"; };
		C273C30C1A679AC900ACE1E1 /* 000660_m_1.dat */ = {isa = PBXFileReference; lastKnownFileType = file; path = 000660_m_1.dat; sourceTree = "<group>"; };
		C273C30D1A679AC900ACE1E1 /* 000660_s_300.dat */ = {isa = PBXFileReference; lastKnownFileType = file; path = 000660_s_300.dat; sourceTree = "<group>"; };
		C273C30E1A679AC900ACE1E1 /* 000660_s_60.dat */ = {isa = PBXFileReference; lastKnownFileType = file; path = 000660_s_60.dat; sourceTree = "<group>"; };
		C273C30F1A679AC900ACE1E1 /* 000660_t_1.dat */ = {isa = PBXFileReference; lastKnownFileType = file; path = 000660_t_1.dat; sourceTree = "<group>"; };
		C273C3101A679AC900ACE1E1 /* 000660_w_1.dat */ = {isa = PBXFileReference; lastKnownFileType = file; path = 000660_w_1.dat; sourceTree = "<group>"; };
		C273C3111A679AC900ACE1E1 /* 005930_d_1.dat */ = {isa = PBXFileReference; lastKnownFileType = file; path = 005930_d_1.dat; sourceTree = "<group>"; };
		C273C3121A679AC900ACE1E1 /* 005930_m_1.dat */ = {isa = PBXFileReference; lastKnownFileType = file; path = 005930_m_1.dat; sourceTree = "<group>"; };
		C273C3131A679AC900ACE1E1 /* 005930_s_300.dat */ = {isa = PBXFileReference; lastKnownFileType = file; path = 005930_s_300.dat; sourceTree = "<group>"; };
		C273C3141A679AC900ACE1E1 /* 005930_s_60.dat */ = {isa = PBXFileReference; lastKnownFileType = file; path = 005930_s_60.dat; sourceTree = "<group>"; };
		C273C3151A679AC900ACE1E1 /* 005930_t_1.dat */ = {isa = PBXFileReference; lastKnownFileType = file; path = 005930_t_1.dat; sourceTree = "<group>"; };
		C273C3161A679AC900ACE1E1 /* 005930_w_1.dat */ = {isa = PBXFileReference; lastKnownFileType = file; path = 005930_w_1.dat; sourceTree = "<group>"; };
		C273C3171A679AC900ACE1E1 /* K001_d_1.dat */ = {isa = PBXFileReference; lastKnownFileType = file; path = K001_d_1.dat; sourceTree = "<group>"; };
		C273C3181A679AC900ACE1E1 /* K001_m_1.dat */ = {isa = PBXFileReference; lastKnownFileType = file; path = K001_m_1.dat; sourceTree = "<group>"; };
		C273C3191A679AC900ACE1E1 /* K001_s_300.dat */ = {isa = PBXFileReference; lastKnownFileType = file; path = K001_s_300.dat; sourceTree = "<group>"; };
		C273C31A1A679AC900ACE1E1 /* K001_s_60.dat */ = {isa = PBXFileReference; lastKnownFileType = file; path = K001_s_60.dat; sourceTree = "<group>"; };
		C273C31B1A679AC900ACE1E1 /* K001_t_1.dat */ = {isa = PBXFileReference; lastKnownFileType = file; path = K001_t_1.dat; sourceTree = "<group>"; };
		C273C31C1A679AC900ACE1E1 /* K001_w_1.dat */ = {isa = PBXFileReference; lastKnownFileType = file; path = K001_w_1.dat; sourceTree = "<group>"; };
		C273C31E1A679AC900ACE1E1 /* snek_multi_a.set */ = {isa = PBXFileReference; fileEncoding = 4; lastKnownFileType = text.xml; path = snek_multi_a.set; sourceTree = "<group>"; };
		C273C31F1A679AC900ACE1E1 /* snek_multi_b.set */ = {isa = PBXFileReference; fileEncoding = 4; lastKnownFileType = text.xml; path = snek_multi_b.set; sourceTree = "<group>"; };
		C273C3201A679AC900ACE1E1 /* snek_single.set */ = {isa = PBXFileReference; fileEncoding = 4; lastKnownFileType = text.xml; path = snek_single.set; sourceTree = "<group>"; };
		C273C3221A679AC900ACE1E1 /* MTSTrTransData.dat */ = {isa = PBXFileReference; fileEncoding = 4; lastKnownFileType = text; path = MTSTrTransData.dat; sourceTree = "<group>"; };
		C273C3231A679AC900ACE1E1 /* MTSTrTransMore.dat */ = {isa = PBXFileReference; fileEncoding = 4; lastKnownFileType = text; path = MTSTrTransMore.dat; sourceTree = "<group>"; };
		C273C3241A679AC900ACE1E1 /* MTSTrTransReal.dat */ = {isa = PBXFileReference; fileEncoding = 4; lastKnownFileType = text; path = MTSTrTransReal.dat; sourceTree = "<group>"; };
		C273C3421A679E5C00ACE1E1 /* CoreFoundation.framework */ = {isa = PBXFileReference; lastKnownFileType = wrapper.framework; name = CoreFoundation.framework; path = System/Library/Frameworks/CoreFoundation.framework; sourceTree = SDKROOT; };
		C273C3431A679E5C00ACE1E1 /* Foundation.framework */ = {isa = PBXFileReference; lastKnownFileType = wrapper.framework; name = Foundation.framework; path = System/Library/Frameworks/Foundation.framework; sourceTree = SDKROOT; };
		C273C3461A679E6800ACE1E1 /* UIKit.framework */ = {isa = PBXFileReference; lastKnownFileType = wrapper.framework; name = UIKit.framework; path = System/Library/Frameworks/UIKit.framework; sourceTree = SDKROOT; };
		C273C3511A67A10900ACE1E1 /* libAKChart.a */ = {isa = PBXFileReference; lastKnownFileType = archive.ar; name = libAKChart.a; path = TW_MTS_Eugene_IOS/libs/libAKChart.a; sourceTree = "<group>"; };
		C273C35C1A67A6C400ACE1E1 /* ChartViewController.h */ = {isa = PBXFileReference; fileEncoding = 4; lastKnownFileType = sourcecode.c.h; path = ChartViewController.h; sourceTree = "<group>"; };
		C273C35D1A67A6C400ACE1E1 /* ChartViewController.m */ = {isa = PBXFileReference; fileEncoding = 4; lastKnownFileType = sourcecode.c.objc; path = ChartViewController.m; sourceTree = "<group>"; };
		C273C35E1A67A6C400ACE1E1 /* ChartViewController.xib */ = {isa = PBXFileReference; fileEncoding = 4; lastKnownFileType = file.xib; path = ChartViewController.xib; sourceTree = "<group>"; };
/* End PBXFileReference section */

/* Begin PBXFrameworksBuildPhase section */
		C273BF9F1A5E785400ACE1E1 /* Frameworks */ = {
			isa = PBXFrameworksBuildPhase;
			buildActionMask = 2147483647;
			files = (
				C273C3521A67A10900ACE1E1 /* libAKChart.a in Frameworks */,
				C273C3471A679E6800ACE1E1 /* UIKit.framework in Frameworks */,
				C273C3441A679E5C00ACE1E1 /* CoreFoundation.framework in Frameworks */,
				C273C3451A679E5C00ACE1E1 /* Foundation.framework in Frameworks */,
				A4CCA1CB1A64A4E60004911B /* SystemConfiguration.framework in Frameworks */,
				C273C2A31A626F5000ACE1E1 /* libz.dylib in Frameworks */,
			);
			runOnlyForDeploymentPostprocessing = 0;
		};
		C273BFB81A5E785400ACE1E1 /* Frameworks */ = {
			isa = PBXFrameworksBuildPhase;
			buildActionMask = 2147483647;
			files = (
			);
			runOnlyForDeploymentPostprocessing = 0;
		};
/* End PBXFrameworksBuildPhase section */

/* Begin PBXGroup section */
		C273BF991A5E785400ACE1E1 = {
			isa = PBXGroup;
			children = (
				C273BFA41A5E785400ACE1E1 /* TW_MTS_Eugene_IOS */,
				C273BFBE1A5E785400ACE1E1 /* TW_MTS_Eugene_IOSTests */,
				C273BFA31A5E785400ACE1E1 /* Products */,
				C273C2FD1A6795A100ACE1E1 /* Frameworks */,
			);
			sourceTree = "<group>";
		};
		C273BFA31A5E785400ACE1E1 /* Products */ = {
			isa = PBXGroup;
			children = (
				C273BFA21A5E785400ACE1E1 /* 제일로 M.app */,
				C273BFBB1A5E785400ACE1E1 /* TW_MTS_Eugene_IOSTests.xctest */,
			);
			name = Products;
			sourceTree = "<group>";
		};
		C273BFA41A5E785400ACE1E1 /* TW_MTS_Eugene_IOS */ = {
			isa = PBXGroup;
			children = (
				C273C3051A6797CA00ACE1E1 /* AKDataLoader.h */,
				C273C3061A6797CA00ACE1E1 /* AKDataLoader.mm */,
				A4CCA1C71A63D77D0004911B /* ViewHUD.h */,
				A4CCA1C81A63D77D0004911B /* ViewHUD.m */,
				C273C29F1A62656500ACE1E1 /* Global.h */,
				C273C2A01A62656500ACE1E1 /* Global.m */,
				C273C02E1A5FB26400ACE1E1 /* Reachability.h */,
				C273C02F1A5FB26400ACE1E1 /* Reachability.m */,
				C273C02D1A5FB20200ACE1E1 /* StructLayout.h */,
				C273C02A1A5FB12000ACE1E1 /* SocketConnector.h */,
				C273C02B1A5FB12000ACE1E1 /* SocketConnector.m */,
				C273C35C1A67A6C400ACE1E1 /* ChartViewController.h */,
				C273C35D1A67A6C400ACE1E1 /* ChartViewController.m */,
				C273C35E1A67A6C400ACE1E1 /* ChartViewController.xib */,
				C273BFCB1A5E7FBB00ACE1E1 /* WebBridgeViewController.h */,
				C273BFCC1A5E7FBB00ACE1E1 /* WebBridgeViewController.m */,
				C273BFD21A5EA0D200ACE1E1 /* WebBridgeViewController.xib */,
				C273BFA91A5E785400ACE1E1 /* AppDelegate.h */,
				C273BFAA1A5E785400ACE1E1 /* AppDelegate.m */,
				C273BFAC1A5E785400ACE1E1 /* ViewController.h */,
				C273BFAD1A5E785400ACE1E1 /* ViewController.m */,
				C273BFAF1A5E785400ACE1E1 /* Main.storyboard */,
				C273BFB21A5E785400ACE1E1 /* Images.xcassets */,
				C273BFB41A5E785400ACE1E1 /* LaunchScreen.xib */,
				C273C3081A679A7600ACE1E1 /* resource */,
				C273C29B1A5FC16100ACE1E1 /* www */,
				C273BFA51A5E785400ACE1E1 /* Supporting Files */,
			);
			path = TW_MTS_Eugene_IOS;
			sourceTree = "<group>";
		};
		C273BFA51A5E785400ACE1E1 /* Supporting Files */ = {
			isa = PBXGroup;
			children = (
				C273BFA61A5E785400ACE1E1 /* Info.plist */,
				C273BFA71A5E785400ACE1E1 /* main.m */,
			);
			name = "Supporting Files";
			sourceTree = "<group>";
		};
		C273BFBE1A5E785400ACE1E1 /* TW_MTS_Eugene_IOSTests */ = {
			isa = PBXGroup;
			children = (
				C273BFC11A5E785400ACE1E1 /* TW_MTS_Eugene_IOSTests.m */,
				C273BFBF1A5E785400ACE1E1 /* Supporting Files */,
			);
			path = TW_MTS_Eugene_IOSTests;
			sourceTree = "<group>";
		};
		C273BFBF1A5E785400ACE1E1 /* Supporting Files */ = {
			isa = PBXGroup;
			children = (
				C273BFC01A5E785400ACE1E1 /* Info.plist */,
			);
			name = "Supporting Files";
			sourceTree = "<group>";
		};
		C273C2FD1A6795A100ACE1E1 /* Frameworks */ = {
			isa = PBXGroup;
			children = (
				C273C3511A67A10900ACE1E1 /* libAKChart.a */,
				C273C3461A679E6800ACE1E1 /* UIKit.framework */,
				C273C3421A679E5C00ACE1E1 /* CoreFoundation.framework */,
				C273C3431A679E5C00ACE1E1 /* Foundation.framework */,
				C273C2A21A626F5000ACE1E1 /* libz.dylib */,
				A4CCA1CA1A64A4E60004911B /* SystemConfiguration.framework */,
			);
			name = Frameworks;
			sourceTree = "<group>";
		};
		C273C3081A679A7600ACE1E1 /* resource */ = {
			isa = PBXGroup;
			children = (
				C273C3091A679AC900ACE1E1 /* Datas */,
			);
			name = resource;
			sourceTree = "<group>";
		};
		C273C3091A679AC900ACE1E1 /* Datas */ = {
			isa = PBXGroup;
			children = (
				C273C30A1A679AC900ACE1E1 /* SampleData */,
				C273C31D1A679AC900ACE1E1 /* Settings */,
				C273C3211A679AC900ACE1E1 /* TransData */,
			);
			path = Datas;
			sourceTree = "<group>";
		};
		C273C30A1A679AC900ACE1E1 /* SampleData */ = {
			isa = PBXGroup;
			children = (
				C273C30B1A679AC900ACE1E1 /* 000660_d_1.dat */,
				C273C30C1A679AC900ACE1E1 /* 000660_m_1.dat */,
				C273C30D1A679AC900ACE1E1 /* 000660_s_300.dat */,
				C273C30E1A679AC900ACE1E1 /* 000660_s_60.dat */,
				C273C30F1A679AC900ACE1E1 /* 000660_t_1.dat */,
				C273C3101A679AC900ACE1E1 /* 000660_w_1.dat */,
				C273C3111A679AC900ACE1E1 /* 005930_d_1.dat */,
				C273C3121A679AC900ACE1E1 /* 005930_m_1.dat */,
				C273C3131A679AC900ACE1E1 /* 005930_s_300.dat */,
				C273C3141A679AC900ACE1E1 /* 005930_s_60.dat */,
				C273C3151A679AC900ACE1E1 /* 005930_t_1.dat */,
				C273C3161A679AC900ACE1E1 /* 005930_w_1.dat */,
				C273C3171A679AC900ACE1E1 /* K001_d_1.dat */,
				C273C3181A679AC900ACE1E1 /* K001_m_1.dat */,
				C273C3191A679AC900ACE1E1 /* K001_s_300.dat */,
				C273C31A1A679AC900ACE1E1 /* K001_s_60.dat */,
				C273C31B1A679AC900ACE1E1 /* K001_t_1.dat */,
				C273C31C1A679AC900ACE1E1 /* K001_w_1.dat */,
			);
			path = SampleData;
			sourceTree = "<group>";
		};
		C273C31D1A679AC900ACE1E1 /* Settings */ = {
			isa = PBXGroup;
			children = (
				C273C31E1A679AC900ACE1E1 /* snek_multi_a.set */,
				C273C31F1A679AC900ACE1E1 /* snek_multi_b.set */,
				C273C3201A679AC900ACE1E1 /* snek_single.set */,
			);
			path = Settings;
			sourceTree = "<group>";
		};
		C273C3211A679AC900ACE1E1 /* TransData */ = {
			isa = PBXGroup;
			children = (
				C273C3221A679AC900ACE1E1 /* MTSTrTransData.dat */,
				C273C3231A679AC900ACE1E1 /* MTSTrTransMore.dat */,
				C273C3241A679AC900ACE1E1 /* MTSTrTransReal.dat */,
			);
			path = TransData;
			sourceTree = "<group>";
		};
/* End PBXGroup section */

/* Begin PBXNativeTarget section */
		C273BFA11A5E785400ACE1E1 /* TW_MTS_Eugene_IOS */ = {
			isa = PBXNativeTarget;
			buildConfigurationList = C273BFC51A5E785400ACE1E1 /* Build configuration list for PBXNativeTarget "TW_MTS_Eugene_IOS" */;
			buildPhases = (
				C273BF9E1A5E785400ACE1E1 /* Sources */,
				C273BF9F1A5E785400ACE1E1 /* Frameworks */,
				C273BFA01A5E785400ACE1E1 /* Resources */,
			);
			buildRules = (
			);
			dependencies = (
			);
			name = TW_MTS_Eugene_IOS;
			productName = TW_MTS_Eugene_IOS;
			productReference = C273BFA21A5E785400ACE1E1 /* 제일로 M.app */;
			productType = "com.apple.product-type.application";
		};
		C273BFBA1A5E785400ACE1E1 /* TW_MTS_Eugene_IOSTests */ = {
			isa = PBXNativeTarget;
			buildConfigurationList = C273BFC81A5E785400ACE1E1 /* Build configuration list for PBXNativeTarget "TW_MTS_Eugene_IOSTests" */;
			buildPhases = (
				C273BFB71A5E785400ACE1E1 /* Sources */,
				C273BFB81A5E785400ACE1E1 /* Frameworks */,
				C273BFB91A5E785400ACE1E1 /* Resources */,
			);
			buildRules = (
			);
			dependencies = (
				C273BFBD1A5E785400ACE1E1 /* PBXTargetDependency */,
			);
			name = TW_MTS_Eugene_IOSTests;
			productName = TW_MTS_Eugene_IOSTests;
			productReference = C273BFBB1A5E785400ACE1E1 /* TW_MTS_Eugene_IOSTests.xctest */;
			productType = "com.apple.product-type.bundle.unit-test";
		};
/* End PBXNativeTarget section */

/* Begin PBXProject section */
		C273BF9A1A5E785400ACE1E1 /* Project object */ = {
			isa = PBXProject;
			attributes = {
				LastUpgradeCheck = 0610;
				ORGANIZATIONNAME = winwaysystems;
				TargetAttributes = {
					C273BFA11A5E785400ACE1E1 = {
						CreatedOnToolsVersion = 6.1.1;
						DevelopmentTeam = V4BY6SJJVJ;
					};
					C273BFBA1A5E785400ACE1E1 = {
						CreatedOnToolsVersion = 6.1.1;
						TestTargetID = C273BFA11A5E785400ACE1E1;
					};
				};
			};
			buildConfigurationList = C273BF9D1A5E785400ACE1E1 /* Build configuration list for PBXProject "TW_MTS_Eugene_IOS" */;
			compatibilityVersion = "Xcode 3.2";
			developmentRegion = English;
			hasScannedForEncodings = 0;
			knownRegions = (
				en,
				Base,
			);
			mainGroup = C273BF991A5E785400ACE1E1;
			productRefGroup = C273BFA31A5E785400ACE1E1 /* Products */;
			projectDirPath = "";
			projectRoot = "";
			targets = (
				C273BFA11A5E785400ACE1E1 /* TW_MTS_Eugene_IOS */,
				C273BFBA1A5E785400ACE1E1 /* TW_MTS_Eugene_IOSTests */,
			);
		};
/* End PBXProject section */

/* Begin PBXResourcesBuildPhase section */
		C273BFA01A5E785400ACE1E1 /* Resources */ = {
			isa = PBXResourcesBuildPhase;
			buildActionMask = 2147483647;
			files = (
				C273BFB11A5E785400ACE1E1 /* Main.storyboard in Resources */,
				C273C32D1A679AC900ACE1E1 /* 005930_s_300.dat in Resources */,
				C273C3271A679AC900ACE1E1 /* 000660_s_300.dat in Resources */,
				C273C3391A679AC900ACE1E1 /* snek_single.set in Resources */,
				C273C3321A679AC900ACE1E1 /* K001_m_1.dat in Resources */,
				C273C3251A679AC900ACE1E1 /* 000660_d_1.dat in Resources */,
				C273C3361A679AC900ACE1E1 /* K001_w_1.dat in Resources */,
				C273C3381A679AC900ACE1E1 /* snek_multi_b.set in Resources */,
				C273C32A1A679AC900ACE1E1 /* 000660_w_1.dat in Resources */,
				C273C33C1A679AC900ACE1E1 /* MTSTrTransReal.dat in Resources */,
				C273C3291A679AC900ACE1E1 /* 000660_t_1.dat in Resources */,
				C273C3301A679AC900ACE1E1 /* 005930_w_1.dat in Resources */,
				C273BFB61A5E785400ACE1E1 /* LaunchScreen.xib in Resources */,
				C273C3281A679AC900ACE1E1 /* 000660_s_60.dat in Resources */,
				C273BFD01A5EA0D200ACE1E1 /* WebBridgeViewController.xib in Resources */,
				C273C3261A679AC900ACE1E1 /* 000660_m_1.dat in Resources */,
				C273C32F1A679AC900ACE1E1 /* 005930_t_1.dat in Resources */,
				C273C3601A67A6C400ACE1E1 /* ChartViewController.xib in Resources */,
				C273C3371A679AC900ACE1E1 /* snek_multi_a.set in Resources */,
				C273C32C1A679AC900ACE1E1 /* 005930_m_1.dat in Resources */,
				C273C32B1A679AC900ACE1E1 /* 005930_d_1.dat in Resources */,
				C273C3351A679AC900ACE1E1 /* K001_t_1.dat in Resources */,
				C273C33B1A679AC900ACE1E1 /* MTSTrTransMore.dat in Resources */,
				C273C29C1A5FC16100ACE1E1 /* www in Resources */,
				C273C3341A679AC900ACE1E1 /* K001_s_60.dat in Resources */,
				C273C32E1A679AC900ACE1E1 /* 005930_s_60.dat in Resources */,
				C273BFB31A5E785400ACE1E1 /* Images.xcassets in Resources */,
				C273C33A1A679AC900ACE1E1 /* MTSTrTransData.dat in Resources */,
				C273C3331A679AC900ACE1E1 /* K001_s_300.dat in Resources */,
				C273C3311A679AC900ACE1E1 /* K001_d_1.dat in Resources */,
			);
			runOnlyForDeploymentPostprocessing = 0;
		};
		C273BFB91A5E785400ACE1E1 /* Resources */ = {
			isa = PBXResourcesBuildPhase;
			buildActionMask = 2147483647;
			files = (
			);
			runOnlyForDeploymentPostprocessing = 0;
		};
/* End PBXResourcesBuildPhase section */

/* Begin PBXSourcesBuildPhase section */
		C273BF9E1A5E785400ACE1E1 /* Sources */ = {
			isa = PBXSourcesBuildPhase;
			buildActionMask = 2147483647;
			files = (
				C273C35F1A67A6C400ACE1E1 /* ChartViewController.m in Sources */,
				A4CCA1C91A63D77D0004911B /* ViewHUD.m in Sources */,
				C273C02C1A5FB12000ACE1E1 /* SocketConnector.m in Sources */,
				C273C3071A6797CA00ACE1E1 /* AKDataLoader.mm in Sources */,
				C273BFAE1A5E785400ACE1E1 /* ViewController.m in Sources */,
				C273BFAB1A5E785400ACE1E1 /* AppDelegate.m in Sources */,
				C273C2A11A62656500ACE1E1 /* Global.m in Sources */,
				C273BFCE1A5E7FBB00ACE1E1 /* WebBridgeViewController.m in Sources */,
				C273C0301A5FB26400ACE1E1 /* Reachability.m in Sources */,
				C273BFA81A5E785400ACE1E1 /* main.m in Sources */,
			);
			runOnlyForDeploymentPostprocessing = 0;
		};
		C273BFB71A5E785400ACE1E1 /* Sources */ = {
			isa = PBXSourcesBuildPhase;
			buildActionMask = 2147483647;
			files = (
				C273BFC21A5E785400ACE1E1 /* TW_MTS_Eugene_IOSTests.m in Sources */,
			);
			runOnlyForDeploymentPostprocessing = 0;
		};
/* End PBXSourcesBuildPhase section */

/* Begin PBXTargetDependency section */
		C273BFBD1A5E785400ACE1E1 /* PBXTargetDependency */ = {
			isa = PBXTargetDependency;
			target = C273BFA11A5E785400ACE1E1 /* TW_MTS_Eugene_IOS */;
			targetProxy = C273BFBC1A5E785400ACE1E1 /* PBXContainerItemProxy */;
		};
/* End PBXTargetDependency section */

/* Begin PBXVariantGroup section */
		C273BFAF1A5E785400ACE1E1 /* Main.storyboard */ = {
			isa = PBXVariantGroup;
			children = (
				C273BFB01A5E785400ACE1E1 /* Base */,
			);
			name = Main.storyboard;
			sourceTree = "<group>";
		};
		C273BFB41A5E785400ACE1E1 /* LaunchScreen.xib */ = {
			isa = PBXVariantGroup;
			children = (
				C273BFB51A5E785400ACE1E1 /* Base */,
			);
			name = LaunchScreen.xib;
			sourceTree = "<group>";
		};
		C273BFD21A5EA0D200ACE1E1 /* WebBridgeViewController.xib */ = {
			isa = PBXVariantGroup;
			children = (
				C273BFD11A5EA0D200ACE1E1 /* Base */,
			);
			name = WebBridgeViewController.xib;
			sourceTree = "<group>";
		};
/* End PBXVariantGroup section */

/* Begin XCBuildConfiguration section */
		C273BFC31A5E785400ACE1E1 /* Debug */ = {
			isa = XCBuildConfiguration;
			buildSettings = {
				ALWAYS_SEARCH_USER_PATHS = NO;
				CLANG_CXX_LANGUAGE_STANDARD = "gnu++0x";
				CLANG_CXX_LIBRARY = "libc++";
				CLANG_ENABLE_MODULES = YES;
				CLANG_ENABLE_OBJC_ARC = YES;
				CLANG_WARN_BOOL_CONVERSION = YES;
				CLANG_WARN_CONSTANT_CONVERSION = YES;
				CLANG_WARN_DIRECT_OBJC_ISA_USAGE = YES_ERROR;
				CLANG_WARN_EMPTY_BODY = YES;
				CLANG_WARN_ENUM_CONVERSION = YES;
				CLANG_WARN_INT_CONVERSION = YES;
				CLANG_WARN_OBJC_ROOT_CLASS = YES_ERROR;
				CLANG_WARN_UNREACHABLE_CODE = YES;
				CLANG_WARN__DUPLICATE_METHOD_MATCH = YES;
				"CODE_SIGN_IDENTITY[sdk=iphoneos*]" = "iPhone Developer";
				COPY_PHASE_STRIP = NO;
				ENABLE_STRICT_OBJC_MSGSEND = YES;
				GCC_C_LANGUAGE_STANDARD = gnu99;
				GCC_DYNAMIC_NO_PIC = NO;
				GCC_OPTIMIZATION_LEVEL = 0;
				GCC_PREPROCESSOR_DEFINITIONS = (
					"DEBUG=1",
					"$(inherited)",
				);
				GCC_SYMBOLS_PRIVATE_EXTERN = NO;
				GCC_WARN_64_TO_32_BIT_CONVERSION = YES;
				GCC_WARN_ABOUT_RETURN_TYPE = YES_ERROR;
				GCC_WARN_UNDECLARED_SELECTOR = YES;
				GCC_WARN_UNINITIALIZED_AUTOS = YES_AGGRESSIVE;
				GCC_WARN_UNUSED_FUNCTION = YES;
				GCC_WARN_UNUSED_VARIABLE = YES;
				IPHONEOS_DEPLOYMENT_TARGET = 8.1;
				MTL_ENABLE_DEBUG_INFO = YES;
				ONLY_ACTIVE_ARCH = YES;
				SDKROOT = iphoneos;
			};
			name = Debug;
		};
		C273BFC41A5E785400ACE1E1 /* Release */ = {
			isa = XCBuildConfiguration;
			buildSettings = {
				ALWAYS_SEARCH_USER_PATHS = NO;
				CLANG_CXX_LANGUAGE_STANDARD = "gnu++0x";
				CLANG_CXX_LIBRARY = "libc++";
				CLANG_ENABLE_MODULES = YES;
				CLANG_ENABLE_OBJC_ARC = YES;
				CLANG_WARN_BOOL_CONVERSION = YES;
				CLANG_WARN_CONSTANT_CONVERSION = YES;
				CLANG_WARN_DIRECT_OBJC_ISA_USAGE = YES_ERROR;
				CLANG_WARN_EMPTY_BODY = YES;
				CLANG_WARN_ENUM_CONVERSION = YES;
				CLANG_WARN_INT_CONVERSION = YES;
				CLANG_WARN_OBJC_ROOT_CLASS = YES_ERROR;
				CLANG_WARN_UNREACHABLE_CODE = YES;
				CLANG_WARN__DUPLICATE_METHOD_MATCH = YES;
				"CODE_SIGN_IDENTITY[sdk=iphoneos*]" = "iPhone Developer";
				COPY_PHASE_STRIP = YES;
				ENABLE_NS_ASSERTIONS = NO;
				ENABLE_STRICT_OBJC_MSGSEND = YES;
				GCC_C_LANGUAGE_STANDARD = gnu99;
				GCC_WARN_64_TO_32_BIT_CONVERSION = YES;
				GCC_WARN_ABOUT_RETURN_TYPE = YES_ERROR;
				GCC_WARN_UNDECLARED_SELECTOR = YES;
				GCC_WARN_UNINITIALIZED_AUTOS = YES_AGGRESSIVE;
				GCC_WARN_UNUSED_FUNCTION = YES;
				GCC_WARN_UNUSED_VARIABLE = YES;
				IPHONEOS_DEPLOYMENT_TARGET = 8.1;
				MTL_ENABLE_DEBUG_INFO = NO;
				SDKROOT = iphoneos;
				VALIDATE_PRODUCT = YES;
			};
			name = Release;
		};
		C273BFC61A5E785400ACE1E1 /* Debug */ = {
			isa = XCBuildConfiguration;
			buildSettings = {
				ASSETCATALOG_COMPILER_APPICON_NAME = AppIcon;
				ASSETCATALOG_COMPILER_LAUNCHIMAGE_NAME = LaunchImage;
				CODE_SIGN_IDENTITY = "iPhone Developer: Hark Hoon Kim (83YRQBJPN4)";
				"CODE_SIGN_IDENTITY[sdk=iphoneos*]" = "iPhone Developer: Hark Hoon Kim (83YRQBJPN4)";
				INFOPLIST_FILE = TW_MTS_Eugene_IOS/Info.plist;
				IPHONEOS_DEPLOYMENT_TARGET = 7.1;
				LD_RUNPATH_SEARCH_PATHS = "$(inherited) @executable_path/Frameworks";
				LIBRARY_SEARCH_PATHS = (
					"$(inherited)",
					"$(PROJECT_DIR)/TW_MTS_Eugene_IOS/libs",
				);
				PRODUCT_NAME = "제일로 M";
				PROVISIONING_PROFILE = "";
			};
			name = Debug;
		};
		C273BFC71A5E785400ACE1E1 /* Release */ = {
			isa = XCBuildConfiguration;
			buildSettings = {
				ASSETCATALOG_COMPILER_APPICON_NAME = AppIcon;
				ASSETCATALOG_COMPILER_LAUNCHIMAGE_NAME = LaunchImage;
				CODE_SIGN_IDENTITY = "iPhone Developer: Hark Hoon Kim (83YRQBJPN4)";
				"CODE_SIGN_IDENTITY[sdk=iphoneos*]" = "iPhone Developer: Hark Hoon Kim (83YRQBJPN4)";
				INFOPLIST_FILE = TW_MTS_Eugene_IOS/Info.plist;
				IPHONEOS_DEPLOYMENT_TARGET = 7.1;
				LD_RUNPATH_SEARCH_PATHS = "$(inherited) @executable_path/Frameworks";
				LIBRARY_SEARCH_PATHS = (
					"$(inherited)",
					"$(PROJECT_DIR)/TW_MTS_Eugene_IOS/libs",
				);
				PRODUCT_NAME = "제일로 M";
				PROVISIONING_PROFILE = "";
			};
			name = Release;
		};
		C273BFC91A5E785400ACE1E1 /* Debug */ = {
			isa = XCBuildConfiguration;
			buildSettings = {
				BUNDLE_LOADER = "$(TEST_HOST)";
				FRAMEWORK_SEARCH_PATHS = (
					"$(SDKROOT)/Developer/Library/Frameworks",
					"$(inherited)",
				);
				GCC_PREPROCESSOR_DEFINITIONS = (
					"DEBUG=1",
					"$(inherited)",
				);
				INFOPLIST_FILE = TW_MTS_Eugene_IOSTests/Info.plist;
				LD_RUNPATH_SEARCH_PATHS = "$(inherited) @executable_path/Frameworks @loader_path/Frameworks";
				PRODUCT_NAME = "$(TARGET_NAME)";
				TEST_HOST = "$(BUILT_PRODUCTS_DIR)/TW_MTS_Eugene_IOS.app/TW_MTS_Eugene_IOS";
			};
			name = Debug;
		};
		C273BFCA1A5E785400ACE1E1 /* Release */ = {
			isa = XCBuildConfiguration;
			buildSettings = {
				BUNDLE_LOADER = "$(TEST_HOST)";
				FRAMEWORK_SEARCH_PATHS = (
					"$(SDKROOT)/Developer/Library/Frameworks",
					"$(inherited)",
				);
				INFOPLIST_FILE = TW_MTS_Eugene_IOSTests/Info.plist;
				LD_RUNPATH_SEARCH_PATHS = "$(inherited) @executable_path/Frameworks @loader_path/Frameworks";
				PRODUCT_NAME = "$(TARGET_NAME)";
				TEST_HOST = "$(BUILT_PRODUCTS_DIR)/TW_MTS_Eugene_IOS.app/TW_MTS_Eugene_IOS";
			};
			name = Release;
		};
/* End XCBuildConfiguration section */

/* Begin XCConfigurationList section */
		C273BF9D1A5E785400ACE1E1 /* Build configuration list for PBXProject "TW_MTS_Eugene_IOS" */ = {
			isa = XCConfigurationList;
			buildConfigurations = (
				C273BFC31A5E785400ACE1E1 /* Debug */,
				C273BFC41A5E785400ACE1E1 /* Release */,
			);
			defaultConfigurationIsVisible = 0;
			defaultConfigurationName = Release;
		};
		C273BFC51A5E785400ACE1E1 /* Build configuration list for PBXNativeTarget "TW_MTS_Eugene_IOS" */ = {
			isa = XCConfigurationList;
			buildConfigurations = (
				C273BFC61A5E785400ACE1E1 /* Debug */,
				C273BFC71A5E785400ACE1E1 /* Release */,
			);
			defaultConfigurationIsVisible = 0;
			defaultConfigurationName = Release;
		};
		C273BFC81A5E785400ACE1E1 /* Build configuration list for PBXNativeTarget "TW_MTS_Eugene_IOSTests" */ = {
			isa = XCConfigurationList;
			buildConfigurations = (
				C273BFC91A5E785400ACE1E1 /* Debug */,
				C273BFCA1A5E785400ACE1E1 /* Release */,
			);
			defaultConfigurationIsVisible = 0;
			defaultConfigurationName = Release;
		};
/* End XCConfigurationList section */
	};
	rootObject = C273BF9A1A5E785400ACE1E1 /* Project object */;
}
